// !$*UTF8*$!
{
	archiveVersion = 1;
	classes = {
	};
	objectVersion = 50;
	objects = {

/* Begin PBXBuildFile section */
		8539D92627034D9D00EA39FD /* ShelfViewController.swift in Sources */ = {isa = PBXBuildFile; fileRef = 8539D92527034D9D00EA39FD /* ShelfViewController.swift */; };
		8561C15B27316A5A0013A359 /* Overview.storyboard in Resources */ = {isa = PBXBuildFile; fileRef = 8561C15927316A5A0013A359 /* Overview.storyboard */; };
		8561C15E27316AB50013A359 /* BookShelf.storyboard in Resources */ = {isa = PBXBuildFile; fileRef = 8561C15C27316AB50013A359 /* BookShelf.storyboard */; };
		8561C16127316ADB0013A359 /* Library.storyboard in Resources */ = {isa = PBXBuildFile; fileRef = 8561C15F27316ADB0013A359 /* Library.storyboard */; };
		8561C16827316D010013A359 /* Preference.storyboard in Resources */ = {isa = PBXBuildFile; fileRef = 8561C16627316D010013A359 /* Preference.storyboard */; };
		8561C16C27316D620013A359 /* LibraryBooks.storyboard in Resources */ = {isa = PBXBuildFile; fileRef = 8561C16A27316D620013A359 /* LibraryBooks.storyboard */; };
		8561C16F27316DA90013A359 /* LibrarySubCategory.storyboard in Resources */ = {isa = PBXBuildFile; fileRef = 8561C16D27316DA90013A359 /* LibrarySubCategory.storyboard */; };
		8561C1732731964D0013A359 /* InformationViewController.swift in Sources */ = {isa = PBXBuildFile; fileRef = 8561C1722731964D0013A359 /* InformationViewController.swift */; };
		85641A9126FF2A1A00EF5D32 /* LoginViewController.swift in Sources */ = {isa = PBXBuildFile; fileRef = 85641A8F26FF2A1A00EF5D32 /* LoginViewController.swift */; };
		85641A9627006BED00EF5D32 /* Library.swift in Sources */ = {isa = PBXBuildFile; fileRef = 85641A9527006BED00EF5D32 /* Library.swift */; };
		8568C9CC26F892B800752453 /* OverviewViewController.swift in Sources */ = {isa = PBXBuildFile; fileRef = 8568C9CB26F892B800752453 /* OverviewViewController.swift */; };
		8568C9CE26F983C200752453 /* LibraryViewController.swift in Sources */ = {isa = PBXBuildFile; fileRef = 8568C9CD26F983C200752453 /* LibraryViewController.swift */; };
		8568C9D026F9888200752453 /* LibraryCategory.swift in Sources */ = {isa = PBXBuildFile; fileRef = 8568C9CF26F9888200752453 /* LibraryCategory.swift */; };
		8568C9D226F9CFFE00752453 /* LibrarySubCategoryViewController.swift in Sources */ = {isa = PBXBuildFile; fileRef = 8568C9D126F9CFFD00752453 /* LibrarySubCategoryViewController.swift */; };
		8568C9D726FA217100752453 /* LibraryBooksViewController.swift in Sources */ = {isa = PBXBuildFile; fileRef = 8568C9D626FA217100752453 /* LibraryBooksViewController.swift */; };
		8568C9DB26FAE1E000752453 /* BookDetailViewController.swift in Sources */ = {isa = PBXBuildFile; fileRef = 8568C9D926FAE1E000752453 /* BookDetailViewController.swift */; };
		8568C9DC26FAE1E000752453 /* BookDetailViewController.xib in Resources */ = {isa = PBXBuildFile; fileRef = 8568C9DA26FAE1E000752453 /* BookDetailViewController.xib */; };
		8573D6BA2736693200964EEE /* Login.storyboard in Resources */ = {isa = PBXBuildFile; fileRef = 8573D6B92736693200964EEE /* Login.storyboard */; };
		85740A6127119D330007B156 /* DeviceManager.swift in Sources */ = {isa = PBXBuildFile; fileRef = 85740A6027119D330007B156 /* DeviceManager.swift */; };
		85740A632711D8640007B156 /* PreferenceSetting.swift in Sources */ = {isa = PBXBuildFile; fileRef = 85740A622711D8640007B156 /* PreferenceSetting.swift */; };
		858B01F82712A5EB00E3EC00 /* UserManager.swift in Sources */ = {isa = PBXBuildFile; fileRef = 858B01F72712A5EB00E3EC00 /* UserManager.swift */; };
		85AA7EA826F869D300558298 /* AppDelegate.swift in Sources */ = {isa = PBXBuildFile; fileRef = 85AA7EA726F869D300558298 /* AppDelegate.swift */; };
		85AA7EAA26F869D300558298 /* SceneDelegate.swift in Sources */ = {isa = PBXBuildFile; fileRef = 85AA7EA926F869D300558298 /* SceneDelegate.swift */; };
		85AA7EAF26F869D300558298 /* Main.storyboard in Resources */ = {isa = PBXBuildFile; fileRef = 85AA7EAD26F869D300558298 /* Main.storyboard */; };
		85AA7EB126F869D900558298 /* Assets.xcassets in Resources */ = {isa = PBXBuildFile; fileRef = 85AA7EB026F869D900558298 /* Assets.xcassets */; };
		85AA7EB426F869D900558298 /* LaunchScreen.storyboard in Resources */ = {isa = PBXBuildFile; fileRef = 85AA7EB226F869D900558298 /* LaunchScreen.storyboard */; };
		85AA7EC426F87A8400558298 /* HorizontalCollectionView.swift in Sources */ = {isa = PBXBuildFile; fileRef = 85AA7EC226F87A8400558298 /* HorizontalCollectionView.swift */; };
		85AA7EC526F87A8400558298 /* HorizontalCollectionView.xib in Resources */ = {isa = PBXBuildFile; fileRef = 85AA7EC326F87A8400558298 /* HorizontalCollectionView.xib */; };
		85AA7EC826F880F300558298 /* Book.swift in Sources */ = {isa = PBXBuildFile; fileRef = 85AA7EC726F880F300558298 /* Book.swift */; };
		85AA7ECC26F8845400558298 /* BookCollectionViewCell.swift in Sources */ = {isa = PBXBuildFile; fileRef = 85AA7ECA26F8845300558298 /* BookCollectionViewCell.swift */; };
		85AA7ECD26F8845400558298 /* BookCollectionViewCell.xib in Resources */ = {isa = PBXBuildFile; fileRef = 85AA7ECB26F8845400558298 /* BookCollectionViewCell.xib */; };
		85EDA3A32707FD4D004894DC /* PreferenceViewController.swift in Sources */ = {isa = PBXBuildFile; fileRef = 85EDA3A22707FD4D004894DC /* PreferenceViewController.swift */; };
/* End PBXBuildFile section */

/* Begin PBXFileReference section */
		8539D92527034D9D00EA39FD /* ShelfViewController.swift */ = {isa = PBXFileReference; lastKnownFileType = sourcecode.swift; path = ShelfViewController.swift; sourceTree = "<group>"; };
		8561C15A27316A5A0013A359 /* Base */ = {isa = PBXFileReference; lastKnownFileType = file.storyboard; name = Base; path = BookStore/Storyboard/Base.lproj/Overview.storyboard; sourceTree = "<group>"; };
		8561C15D27316AB50013A359 /* Base */ = {isa = PBXFileReference; lastKnownFileType = file.storyboard; name = Base; path = BookStore/Storyboard/Base.lproj/BookShelf.storyboard; sourceTree = "<group>"; };
		8561C16027316ADB0013A359 /* Base */ = {isa = PBXFileReference; lastKnownFileType = file.storyboard; name = Base; path = BookStore/Storyboard/Base.lproj/Library.storyboard; sourceTree = "<group>"; };
		8561C16727316D010013A359 /* Base */ = {isa = PBXFileReference; lastKnownFileType = file.storyboard; name = Base; path = BookStore/BookShelf/BookStore/Storyboard/Base.lproj/Preference.storyboard; sourceTree = "<group>"; };
		8561C16B27316D620013A359 /* Base */ = {isa = PBXFileReference; lastKnownFileType = file.storyboard; name = Base; path = BookStore/Library/BookStore/Storyboard/Base.lproj/LibraryBooks.storyboard; sourceTree = "<group>"; };
		8561C16E27316DA90013A359 /* Base */ = {isa = PBXFileReference; lastKnownFileType = file.storyboard; name = Base; path = BookStore/Storyboard/Base.lproj/LibrarySubCategory.storyboard; sourceTree = "<group>"; };
		8561C1722731964D0013A359 /* InformationViewController.swift */ = {isa = PBXFileReference; lastKnownFileType = sourcecode.swift; path = InformationViewController.swift; sourceTree = "<group>"; };
		85641A8F26FF2A1A00EF5D32 /* LoginViewController.swift */ = {isa = PBXFileReference; lastKnownFileType = sourcecode.swift; path = LoginViewController.swift; sourceTree = "<group>"; };
		85641A9527006BED00EF5D32 /* Library.swift */ = {isa = PBXFileReference; lastKnownFileType = sourcecode.swift; path = Library.swift; sourceTree = "<group>"; };
		8568C9CB26F892B800752453 /* OverviewViewController.swift */ = {isa = PBXFileReference; lastKnownFileType = sourcecode.swift; path = OverviewViewController.swift; sourceTree = "<group>"; };
		8568C9CD26F983C200752453 /* LibraryViewController.swift */ = {isa = PBXFileReference; lastKnownFileType = sourcecode.swift; path = LibraryViewController.swift; sourceTree = "<group>"; };
		8568C9CF26F9888200752453 /* LibraryCategory.swift */ = {isa = PBXFileReference; lastKnownFileType = sourcecode.swift; path = LibraryCategory.swift; sourceTree = "<group>"; };
		8568C9D126F9CFFD00752453 /* LibrarySubCategoryViewController.swift */ = {isa = PBXFileReference; lastKnownFileType = sourcecode.swift; path = LibrarySubCategoryViewController.swift; sourceTree = "<group>"; };
		8568C9D626FA217100752453 /* LibraryBooksViewController.swift */ = {isa = PBXFileReference; lastKnownFileType = sourcecode.swift; path = LibraryBooksViewController.swift; sourceTree = "<group>"; };
		8568C9D926FAE1E000752453 /* BookDetailViewController.swift */ = {isa = PBXFileReference; lastKnownFileType = sourcecode.swift; path = BookDetailViewController.swift; sourceTree = "<group>"; };
		8568C9DA26FAE1E000752453 /* BookDetailViewController.xib */ = {isa = PBXFileReference; lastKnownFileType = file.xib; path = BookDetailViewController.xib; sourceTree = "<group>"; };
		8573D6B92736693200964EEE /* Login.storyboard */ = {isa = PBXFileReference; lastKnownFileType = file.storyboard; path = Login.storyboard; sourceTree = "<group>"; };
		85740A6027119D330007B156 /* DeviceManager.swift */ = {isa = PBXFileReference; lastKnownFileType = sourcecode.swift; path = DeviceManager.swift; sourceTree = "<group>"; };
		85740A622711D8640007B156 /* PreferenceSetting.swift */ = {isa = PBXFileReference; lastKnownFileType = sourcecode.swift; path = PreferenceSetting.swift; sourceTree = "<group>"; };
		858B01F72712A5EB00E3EC00 /* UserManager.swift */ = {isa = PBXFileReference; lastKnownFileType = sourcecode.swift; path = UserManager.swift; sourceTree = "<group>"; };
		85AA7EA426F869D300558298 /* BookStore.app */ = {isa = PBXFileReference; explicitFileType = wrapper.application; includeInIndex = 0; path = BookStore.app; sourceTree = BUILT_PRODUCTS_DIR; };
		85AA7EA726F869D300558298 /* AppDelegate.swift */ = {isa = PBXFileReference; lastKnownFileType = sourcecode.swift; path = AppDelegate.swift; sourceTree = "<group>"; };
		85AA7EA926F869D300558298 /* SceneDelegate.swift */ = {isa = PBXFileReference; lastKnownFileType = sourcecode.swift; path = SceneDelegate.swift; sourceTree = "<group>"; };
		85AA7EAE26F869D300558298 /* Base */ = {isa = PBXFileReference; lastKnownFileType = file.storyboard; name = Base; path = Base.lproj/Main.storyboard; sourceTree = "<group>"; };
		85AA7EB026F869D900558298 /* Assets.xcassets */ = {isa = PBXFileReference; lastKnownFileType = folder.assetcatalog; path = Assets.xcassets; sourceTree = "<group>"; };
		85AA7EB326F869D900558298 /* Base */ = {isa = PBXFileReference; lastKnownFileType = file.storyboard; name = Base; path = Base.lproj/LaunchScreen.storyboard; sourceTree = "<group>"; };
		85AA7EB526F869D900558298 /* Info.plist */ = {isa = PBXFileReference; lastKnownFileType = text.plist.xml; path = Info.plist; sourceTree = "<group>"; };
		85AA7EC226F87A8400558298 /* HorizontalCollectionView.swift */ = {isa = PBXFileReference; lastKnownFileType = sourcecode.swift; path = HorizontalCollectionView.swift; sourceTree = "<group>"; };
		85AA7EC326F87A8400558298 /* HorizontalCollectionView.xib */ = {isa = PBXFileReference; lastKnownFileType = file.xib; path = HorizontalCollectionView.xib; sourceTree = "<group>"; };
		85AA7EC726F880F300558298 /* Book.swift */ = {isa = PBXFileReference; lastKnownFileType = sourcecode.swift; path = Book.swift; sourceTree = "<group>"; };
		85AA7ECA26F8845300558298 /* BookCollectionViewCell.swift */ = {isa = PBXFileReference; lastKnownFileType = sourcecode.swift; path = BookCollectionViewCell.swift; sourceTree = "<group>"; };
		85AA7ECB26F8845400558298 /* BookCollectionViewCell.xib */ = {isa = PBXFileReference; lastKnownFileType = file.xib; path = BookCollectionViewCell.xib; sourceTree = "<group>"; };
		85EDA3A22707FD4D004894DC /* PreferenceViewController.swift */ = {isa = PBXFileReference; lastKnownFileType = sourcecode.swift; path = PreferenceViewController.swift; sourceTree = "<group>"; };
/* End PBXFileReference section */

/* Begin PBXFrameworksBuildPhase section */
		85AA7EA126F869D300558298 /* Frameworks */ = {
			isa = PBXFrameworksBuildPhase;
			buildActionMask = 2147483647;
			files = (
			);
			runOnlyForDeploymentPostprocessing = 0;
		};
/* End PBXFrameworksBuildPhase section */

/* Begin PBXGroup section */
		8561C16227316AEC0013A359 /* Overview */ = {
			isa = PBXGroup;
			children = (
				8561C15927316A5A0013A359 /* Overview.storyboard */,
				8568C9CB26F892B800752453 /* OverviewViewController.swift */,
				8561C1722731964D0013A359 /* InformationViewController.swift */,
			);
			path = Overview;
			sourceTree = "<group>";
		};
		8561C16427316AFE0013A359 /* Library */ = {
			isa = PBXGroup;
			children = (
				8561C15F27316ADB0013A359 /* Library.storyboard */,
				8568C9CD26F983C200752453 /* LibraryViewController.swift */,
			);
			path = Library;
			sourceTree = "<group>";
		};
		8561C16527316B0E0013A359 /* BookShelf */ = {
			isa = PBXGroup;
			children = (
				8561C15C27316AB50013A359 /* BookShelf.storyboard */,
				8539D92527034D9D00EA39FD /* ShelfViewController.swift */,
			);
			path = BookShelf;
			sourceTree = "<group>";
		};
		8561C16927316D0C0013A359 /* Preference */ = {
			isa = PBXGroup;
			children = (
				8561C16627316D010013A359 /* Preference.storyboard */,
				85EDA3A22707FD4D004894DC /* PreferenceViewController.swift */,
			);
			path = Preference;
			sourceTree = "<group>";
		};
		8561C17027316DBE0013A359 /* LibrarySubCategory */ = {
			isa = PBXGroup;
			children = (
				8561C16D27316DA90013A359 /* LibrarySubCategory.storyboard */,
				8568C9D126F9CFFD00752453 /* LibrarySubCategoryViewController.swift */,
			);
			path = LibrarySubCategory;
			sourceTree = "<group>";
		};
		8561C17127316DC60013A359 /* LibraryBooks */ = {
			isa = PBXGroup;
			children = (
				8561C16A27316D620013A359 /* LibraryBooks.storyboard */,
				8568C9D626FA217100752453 /* LibraryBooksViewController.swift */,
			);
			path = LibraryBooks;
			sourceTree = "<group>";
		};
		8568C9CA26F8928400752453 /* Controller */ = {
			isa = PBXGroup;
			children = (
				85740A6027119D330007B156 /* DeviceManager.swift */,
				858B01F72712A5EB00E3EC00 /* UserManager.swift */,
			);
			path = Controller;
			sourceTree = "<group>";
		};
		8568C9D326F9E19300752453 /* Resource */ = {
			isa = PBXGroup;
			children = (
				85AA7EA726F869D300558298 /* AppDelegate.swift */,
				85AA7EA926F869D300558298 /* SceneDelegate.swift */,
				85AA7EB026F869D900558298 /* Assets.xcassets */,
				85AA7EB526F869D900558298 /* Info.plist */,
			);
			path = Resource;
			sourceTree = "<group>";
		};
		8568C9D426F9E1B400752453 /* Storyboard */ = {
			isa = PBXGroup;
			children = (
				85AA7EAD26F869D300558298 /* Main.storyboard */,
				85AA7EB226F869D900558298 /* LaunchScreen.storyboard */,
			);
			path = Storyboard;
			sourceTree = "<group>";
		};
		8573D6B82736691000964EEE /* Login */ = {
			isa = PBXGroup;
			children = (
				8573D6B92736693200964EEE /* Login.storyboard */,
				85641A8F26FF2A1A00EF5D32 /* LoginViewController.swift */,
			);
			path = Login;
			sourceTree = "<group>";
		};
		857AD9F92737798B006BA232 /* BookDetail */ = {
			isa = PBXGroup;
			children = (
				8568C9DA26FAE1E000752453 /* BookDetailViewController.xib */,
				8568C9D926FAE1E000752453 /* BookDetailViewController.swift */,
			);
			path = BookDetail;
			sourceTree = "<group>";
		};
		857AD9FC2737CF6F006BA232 /* HorizontalCollectionView */ = {
			isa = PBXGroup;
			children = (
				85AA7EC226F87A8400558298 /* HorizontalCollectionView.swift */,
				85AA7EC326F87A8400558298 /* HorizontalCollectionView.xib */,
			);
			path = HorizontalCollectionView;
			sourceTree = "<group>";
		};
		857AD9FD2737CF7C006BA232 /* BookCollectionViewCell */ = {
			isa = PBXGroup;
			children = (
				85AA7ECA26F8845300558298 /* BookCollectionViewCell.swift */,
				85AA7ECB26F8845400558298 /* BookCollectionViewCell.xib */,
			);
			path = BookCollectionViewCell;
			sourceTree = "<group>";
		};
		85A7511F2732D5E50093E374 /* Unit View */ = {
			isa = PBXGroup;
			children = (
				857AD9FC2737CF6F006BA232 /* HorizontalCollectionView */,
				857AD9FD2737CF7C006BA232 /* BookCollectionViewCell */,
			);
			path = "Unit View";
			sourceTree = "<group>";
		};
		85AA7E9B26F869D300558298 = {
			isa = PBXGroup;
			children = (
				85AA7EA626F869D300558298 /* BookStore */,
				85AA7EA526F869D300558298 /* Products */,
			);
			sourceTree = "<group>";
		};
		85AA7EA526F869D300558298 /* Products */ = {
			isa = PBXGroup;
			children = (
				85AA7EA426F869D300558298 /* BookStore.app */,
			);
			name = Products;
			sourceTree = "<group>";
		};
		85AA7EA626F869D300558298 /* BookStore */ = {
			isa = PBXGroup;
			children = (
				8561C16227316AEC0013A359 /* Overview */,
				857AD9F92737798B006BA232 /* BookDetail */,
				8561C16427316AFE0013A359 /* Library */,
				8561C17127316DC60013A359 /* LibraryBooks */,
				8561C17027316DBE0013A359 /* LibrarySubCategory */,
				8561C16527316B0E0013A359 /* BookShelf */,
				8561C16927316D0C0013A359 /* Preference */,
				8573D6B82736691000964EEE /* Login */,
				8568C9D426F9E1B400752453 /* Storyboard */,
				8568C9D326F9E19300752453 /* Resource */,
				85AA7EC626F880E300558298 /* Model */,
				85A7511F2732D5E50093E374 /* Unit View */,
				8568C9CA26F8928400752453 /* Controller */,
			);
			path = BookStore;
			sourceTree = "<group>";
		};
		85AA7EC626F880E300558298 /* Model */ = {
			isa = PBXGroup;
			children = (
				85AA7EC726F880F300558298 /* Book.swift */,
				8568C9CF26F9888200752453 /* LibraryCategory.swift */,
				85641A9527006BED00EF5D32 /* Library.swift */,
				85740A622711D8640007B156 /* PreferenceSetting.swift */,
			);
			path = Model;
			sourceTree = "<group>";
		};
/* End PBXGroup section */

/* Begin PBXNativeTarget section */
		85AA7EA326F869D300558298 /* BookStore */ = {
			isa = PBXNativeTarget;
			buildConfigurationList = 85AA7EB826F869D900558298 /* Build configuration list for PBXNativeTarget "BookStore" */;
			buildPhases = (
				85AA7EA026F869D300558298 /* Sources */,
				85AA7EA126F869D300558298 /* Frameworks */,
				85AA7EA226F869D300558298 /* Resources */,
			);
			buildRules = (
			);
			dependencies = (
			);
			name = BookStore;
			productName = BookStore;
			productReference = 85AA7EA426F869D300558298 /* BookStore.app */;
			productType = "com.apple.product-type.application";
		};
/* End PBXNativeTarget section */

/* Begin PBXProject section */
		85AA7E9C26F869D300558298 /* Project object */ = {
			isa = PBXProject;
			attributes = {
				LastSwiftUpdateCheck = 1250;
				LastUpgradeCheck = 1250;
				ORGANIZATIONNAME = "VSpace, Inc.";
				TargetAttributes = {
					85AA7EA326F869D300558298 = {
						CreatedOnToolsVersion = 12.5;
					};
				};
			};
			buildConfigurationList = 85AA7E9F26F869D300558298 /* Build configuration list for PBXProject "BookStore" */;
			compatibilityVersion = "Xcode 9.3";
			developmentRegion = en;
			hasScannedForEncodings = 0;
			knownRegions = (
				en,
				Base,
			);
			mainGroup = 85AA7E9B26F869D300558298;
			productRefGroup = 85AA7EA526F869D300558298 /* Products */;
			projectDirPath = "";
			projectRoot = "";
			targets = (
				85AA7EA326F869D300558298 /* BookStore */,
			);
		};
/* End PBXProject section */

/* Begin PBXResourcesBuildPhase section */
		85AA7EA226F869D300558298 /* Resources */ = {
			isa = PBXResourcesBuildPhase;
			buildActionMask = 2147483647;
			files = (
				85AA7EB426F869D900558298 /* LaunchScreen.storyboard in Resources */,
				8561C15B27316A5A0013A359 /* Overview.storyboard in Resources */,
				8573D6BA2736693200964EEE /* Login.storyboard in Resources */,
				8561C16127316ADB0013A359 /* Library.storyboard in Resources */,
				85AA7EB126F869D900558298 /* Assets.xcassets in Resources */,
				8568C9DC26FAE1E000752453 /* BookDetailViewController.xib in Resources */,
				8561C15E27316AB50013A359 /* BookShelf.storyboard in Resources */,
				8561C16827316D010013A359 /* Preference.storyboard in Resources */,
				85AA7EC526F87A8400558298 /* HorizontalCollectionView.xib in Resources */,
				85AA7EAF26F869D300558298 /* Main.storyboard in Resources */,
				8561C16C27316D620013A359 /* LibraryBooks.storyboard in Resources */,
				85AA7ECD26F8845400558298 /* BookCollectionViewCell.xib in Resources */,
				8561C16F27316DA90013A359 /* LibrarySubCategory.storyboard in Resources */,
			);
			runOnlyForDeploymentPostprocessing = 0;
		};
/* End PBXResourcesBuildPhase section */

/* Begin PBXSourcesBuildPhase section */
		85AA7EA026F869D300558298 /* Sources */ = {
			isa = PBXSourcesBuildPhase;
			buildActionMask = 2147483647;
			files = (
				858B01F82712A5EB00E3EC00 /* UserManager.swift in Sources */,
				85EDA3A32707FD4D004894DC /* PreferenceViewController.swift in Sources */,
				85740A632711D8640007B156 /* PreferenceSetting.swift in Sources */,
				85641A9126FF2A1A00EF5D32 /* LoginViewController.swift in Sources */,
				8539D92627034D9D00EA39FD /* ShelfViewController.swift in Sources */,
				8568C9D226F9CFFE00752453 /* LibrarySubCategoryViewController.swift in Sources */,
				85AA7EC826F880F300558298 /* Book.swift in Sources */,
				8568C9D726FA217100752453 /* LibraryBooksViewController.swift in Sources */,
				85641A9627006BED00EF5D32 /* Library.swift in Sources */,
				85AA7EA826F869D300558298 /* AppDelegate.swift in Sources */,
				8568C9DB26FAE1E000752453 /* BookDetailViewController.swift in Sources */,
				85740A6127119D330007B156 /* DeviceManager.swift in Sources */,
				8561C1732731964D0013A359 /* InformationViewController.swift in Sources */,
				85AA7EC426F87A8400558298 /* HorizontalCollectionView.swift in Sources */,
				8568C9D026F9888200752453 /* LibraryCategory.swift in Sources */,
				85AA7ECC26F8845400558298 /* BookCollectionViewCell.swift in Sources */,
				8568C9CE26F983C200752453 /* LibraryViewController.swift in Sources */,
				85AA7EAA26F869D300558298 /* SceneDelegate.swift in Sources */,
				8568C9CC26F892B800752453 /* OverviewViewController.swift in Sources */,
			);
			runOnlyForDeploymentPostprocessing = 0;
		};
/* End PBXSourcesBuildPhase section */

/* Begin PBXVariantGroup section */
		8561C15927316A5A0013A359 /* Overview.storyboard */ = {
			isa = PBXVariantGroup;
			children = (
				8561C15A27316A5A0013A359 /* Base */,
			);
			name = Overview.storyboard;
			sourceTree = "<group>";
		};
		8561C15C27316AB50013A359 /* BookShelf.storyboard */ = {
			isa = PBXVariantGroup;
			children = (
				8561C15D27316AB50013A359 /* Base */,
			);
			name = BookShelf.storyboard;
			sourceTree = "<group>";
		};
		8561C15F27316ADB0013A359 /* Library.storyboard */ = {
			isa = PBXVariantGroup;
			children = (
				8561C16027316ADB0013A359 /* Base */,
			);
			name = Library.storyboard;
			sourceTree = "<group>";
		};
		8561C16627316D010013A359 /* Preference.storyboard */ = {
			isa = PBXVariantGroup;
			children = (
				8561C16727316D010013A359 /* Base */,
			);
			name = Preference.storyboard;
			sourceTree = "<group>";
		};
		8561C16A27316D620013A359 /* LibraryBooks.storyboard */ = {
			isa = PBXVariantGroup;
			children = (
				8561C16B27316D620013A359 /* Base */,
			);
			name = LibraryBooks.storyboard;
			sourceTree = "<group>";
		};
		8561C16D27316DA90013A359 /* LibrarySubCategory.storyboard */ = {
			isa = PBXVariantGroup;
			children = (
				8561C16E27316DA90013A359 /* Base */,
			);
			name = LibrarySubCategory.storyboard;
			sourceTree = "<group>";
		};
		85AA7EAD26F869D300558298 /* Main.storyboard */ = {
			isa = PBXVariantGroup;
			children = (
				85AA7EAE26F869D300558298 /* Base */,
			);
			name = Main.storyboard;
			sourceTree = "<group>";
		};
		85AA7EB226F869D900558298 /* LaunchScreen.storyboard */ = {
			isa = PBXVariantGroup;
			children = (
				85AA7EB326F869D900558298 /* Base */,
			);
			name = LaunchScreen.storyboard;
			sourceTree = "<group>";
		};
/* End PBXVariantGroup section */

/* Begin XCBuildConfiguration section */
		85AA7EB626F869D900558298 /* Debug */ = {
			isa = XCBuildConfiguration;
			buildSettings = {
				ALWAYS_SEARCH_USER_PATHS = NO;
				CLANG_ANALYZER_NONNULL = YES;
				CLANG_ANALYZER_NUMBER_OBJECT_CONVERSION = YES_AGGRESSIVE;
				CLANG_CXX_LANGUAGE_STANDARD = "gnu++14";
				CLANG_CXX_LIBRARY = "libc++";
				CLANG_ENABLE_MODULES = YES;
				CLANG_ENABLE_OBJC_ARC = YES;
				CLANG_ENABLE_OBJC_WEAK = YES;
				CLANG_WARN_BLOCK_CAPTURE_AUTORELEASING = YES;
				CLANG_WARN_BOOL_CONVERSION = YES;
				CLANG_WARN_COMMA = YES;
				CLANG_WARN_CONSTANT_CONVERSION = YES;
				CLANG_WARN_DEPRECATED_OBJC_IMPLEMENTATIONS = YES;
				CLANG_WARN_DIRECT_OBJC_ISA_USAGE = YES_ERROR;
				CLANG_WARN_DOCUMENTATION_COMMENTS = YES;
				CLANG_WARN_EMPTY_BODY = YES;
				CLANG_WARN_ENUM_CONVERSION = YES;
				CLANG_WARN_INFINITE_RECURSION = YES;
				CLANG_WARN_INT_CONVERSION = YES;
				CLANG_WARN_NON_LITERAL_NULL_CONVERSION = YES;
				CLANG_WARN_OBJC_IMPLICIT_RETAIN_SELF = YES;
				CLANG_WARN_OBJC_LITERAL_CONVERSION = YES;
				CLANG_WARN_OBJC_ROOT_CLASS = YES_ERROR;
				CLANG_WARN_QUOTED_INCLUDE_IN_FRAMEWORK_HEADER = YES;
				CLANG_WARN_RANGE_LOOP_ANALYSIS = YES;
				CLANG_WARN_STRICT_PROTOTYPES = YES;
				CLANG_WARN_SUSPICIOUS_MOVE = YES;
				CLANG_WARN_UNGUARDED_AVAILABILITY = YES_AGGRESSIVE;
				CLANG_WARN_UNREACHABLE_CODE = YES;
				CLANG_WARN__DUPLICATE_METHOD_MATCH = YES;
				COPY_PHASE_STRIP = NO;
				DEBUG_INFORMATION_FORMAT = dwarf;
				ENABLE_STRICT_OBJC_MSGSEND = YES;
				ENABLE_TESTABILITY = YES;
				GCC_C_LANGUAGE_STANDARD = gnu11;
				GCC_DYNAMIC_NO_PIC = NO;
				GCC_NO_COMMON_BLOCKS = YES;
				GCC_OPTIMIZATION_LEVEL = 0;
				GCC_PREPROCESSOR_DEFINITIONS = (
					"DEBUG=1",
					"$(inherited)",
				);
				GCC_WARN_64_TO_32_BIT_CONVERSION = YES;
				GCC_WARN_ABOUT_RETURN_TYPE = YES_ERROR;
				GCC_WARN_UNDECLARED_SELECTOR = YES;
				GCC_WARN_UNINITIALIZED_AUTOS = YES_AGGRESSIVE;
				GCC_WARN_UNUSED_FUNCTION = YES;
				GCC_WARN_UNUSED_VARIABLE = YES;
				INFOPLIST_KEY_NSHumanReadableCopyright = "";
				IPHONEOS_DEPLOYMENT_TARGET = 14.5;
				MTL_ENABLE_DEBUG_INFO = INCLUDE_SOURCE;
				MTL_FAST_MATH = YES;
				ONLY_ACTIVE_ARCH = YES;
				SDKROOT = iphoneos;
				SWIFT_ACTIVE_COMPILATION_CONDITIONS = DEBUG;
				SWIFT_OPTIMIZATION_LEVEL = "-Onone";
			};
			name = Debug;
		};
		85AA7EB726F869D900558298 /* Release */ = {
			isa = XCBuildConfiguration;
			buildSettings = {
				ALWAYS_SEARCH_USER_PATHS = NO;
				CLANG_ANALYZER_NONNULL = YES;
				CLANG_ANALYZER_NUMBER_OBJECT_CONVERSION = YES_AGGRESSIVE;
				CLANG_CXX_LANGUAGE_STANDARD = "gnu++14";
				CLANG_CXX_LIBRARY = "libc++";
				CLANG_ENABLE_MODULES = YES;
				CLANG_ENABLE_OBJC_ARC = YES;
				CLANG_ENABLE_OBJC_WEAK = YES;
				CLANG_WARN_BLOCK_CAPTURE_AUTORELEASING = YES;
				CLANG_WARN_BOOL_CONVERSION = YES;
				CLANG_WARN_COMMA = YES;
				CLANG_WARN_CONSTANT_CONVERSION = YES;
				CLANG_WARN_DEPRECATED_OBJC_IMPLEMENTATIONS = YES;
				CLANG_WARN_DIRECT_OBJC_ISA_USAGE = YES_ERROR;
				CLANG_WARN_DOCUMENTATION_COMMENTS = YES;
				CLANG_WARN_EMPTY_BODY = YES;
				CLANG_WARN_ENUM_CONVERSION = YES;
				CLANG_WARN_INFINITE_RECURSION = YES;
				CLANG_WARN_INT_CONVERSION = YES;
				CLANG_WARN_NON_LITERAL_NULL_CONVERSION = YES;
				CLANG_WARN_OBJC_IMPLICIT_RETAIN_SELF = YES;
				CLANG_WARN_OBJC_LITERAL_CONVERSION = YES;
				CLANG_WARN_OBJC_ROOT_CLASS = YES_ERROR;
				CLANG_WARN_QUOTED_INCLUDE_IN_FRAMEWORK_HEADER = YES;
				CLANG_WARN_RANGE_LOOP_ANALYSIS = YES;
				CLANG_WARN_STRICT_PROTOTYPES = YES;
				CLANG_WARN_SUSPICIOUS_MOVE = YES;
				CLANG_WARN_UNGUARDED_AVAILABILITY = YES_AGGRESSIVE;
				CLANG_WARN_UNREACHABLE_CODE = YES;
				CLANG_WARN__DUPLICATE_METHOD_MATCH = YES;
				COPY_PHASE_STRIP = NO;
				DEBUG_INFORMATION_FORMAT = "dwarf-with-dsym";
				ENABLE_NS_ASSERTIONS = NO;
				ENABLE_STRICT_OBJC_MSGSEND = YES;
				GCC_C_LANGUAGE_STANDARD = gnu11;
				GCC_NO_COMMON_BLOCKS = YES;
				GCC_WARN_64_TO_32_BIT_CONVERSION = YES;
				GCC_WARN_ABOUT_RETURN_TYPE = YES_ERROR;
				GCC_WARN_UNDECLARED_SELECTOR = YES;
				GCC_WARN_UNINITIALIZED_AUTOS = YES_AGGRESSIVE;
				GCC_WARN_UNUSED_FUNCTION = YES;
				GCC_WARN_UNUSED_VARIABLE = YES;
				INFOPLIST_KEY_NSHumanReadableCopyright = "";
				IPHONEOS_DEPLOYMENT_TARGET = 14.5;
				MTL_ENABLE_DEBUG_INFO = NO;
				MTL_FAST_MATH = YES;
				SDKROOT = iphoneos;
				SWIFT_COMPILATION_MODE = wholemodule;
				SWIFT_OPTIMIZATION_LEVEL = "-O";
				VALIDATE_PRODUCT = YES;
			};
			name = Release;
		};
		85AA7EB926F869D900558298 /* Debug */ = {
			isa = XCBuildConfiguration;
			buildSettings = {
				ASSETCATALOG_COMPILER_APPICON_NAME = AppIcon;
				ASSETCATALOG_COMPILER_GLOBAL_ACCENT_COLOR_NAME = AccentColor;
				CODE_SIGN_STYLE = Automatic;
				DEVELOPMENT_TEAM = XQUK5U76MX;
				INFOPLIST_FILE = BookStore/Resource/Info.plist;
				INFOPLIST_KEY_NSHumanReadableCopyright = "";
				LD_RUNPATH_SEARCH_PATHS = (
					"$(inherited)",
					"@executable_path/Frameworks",
				);
				PRODUCT_BUNDLE_IDENTIFIER = com.huiwen.Hsiao.BookStore;
				PRODUCT_NAME = "$(TARGET_NAME)";
				SWIFT_VERSION = 5.0;
				TARGETED_DEVICE_FAMILY = "1,2";
			};
			name = Debug;
		};
		85AA7EBA26F869D900558298 /* Release */ = {
			isa = XCBuildConfiguration;
			buildSettings = {
				ASSETCATALOG_COMPILER_APPICON_NAME = AppIcon;
				ASSETCATALOG_COMPILER_GLOBAL_ACCENT_COLOR_NAME = AccentColor;
				CODE_SIGN_STYLE = Automatic;
				DEVELOPMENT_TEAM = XQUK5U76MX;
				INFOPLIST_FILE = BookStore/Resource/Info.plist;
				INFOPLIST_KEY_NSHumanReadableCopyright = "";
				LD_RUNPATH_SEARCH_PATHS = (
					"$(inherited)",
					"@executable_path/Frameworks",
				);
				PRODUCT_BUNDLE_IDENTIFIER = com.huiwen.Hsiao.BookStore;
				PRODUCT_NAME = "$(TARGET_NAME)";
				SWIFT_VERSION = 5.0;
				TARGETED_DEVICE_FAMILY = "1,2";
			};
			name = Release;
		};
/* End XCBuildConfiguration section */

/* Begin XCConfigurationList section */
		85AA7E9F26F869D300558298 /* Build configuration list for PBXProject "BookStore" */ = {
			isa = XCConfigurationList;
			buildConfigurations = (
				85AA7EB626F869D900558298 /* Debug */,
				85AA7EB726F869D900558298 /* Release */,
			);
			defaultConfigurationIsVisible = 0;
			defaultConfigurationName = Release;
		};
		85AA7EB826F869D900558298 /* Build configuration list for PBXNativeTarget "BookStore" */ = {
			isa = XCConfigurationList;
			buildConfigurations = (
				85AA7EB926F869D900558298 /* Debug */,
				85AA7EBA26F869D900558298 /* Release */,
			);
			defaultConfigurationIsVisible = 0;
			defaultConfigurationName = Release;
		};
/* End XCConfigurationList section */
	};
	rootObject = 85AA7E9C26F869D300558298 /* Project object */;
}
